
Microsoft Visual Studio Solution File, Format Version 11.00
# Visual Studio 2010
Project("{FAE04EC0-301F-11D3-BF4B-00C04F79EFBC}") = "MessageBarLib", "MessageBarLib.csproj", "{2848ABC8-92CF-4D70-BFD1-218E6D00D8BD}"
EndProject
Global
	GlobalSection(SolutionConfigurationPlatforms) = preSolution
		Debug|Any CPU = Debug|Any CPU
		Release|Any CPU = Release|Any CPU
	EndGlobalSection
	GlobalSection(ProjectConfigurationPlatforms) = postSolution
		{2848ABC8-92CF-4D70-BFD1-218E6D00D8BD}.Debug|Any CPU.ActiveCfg = Debug|Any CPU
		{2848ABC8-92CF-4D70-BFD1-218E6D00D8BD}.Debug|Any CPU.Build.0 = Debug|Any CPU
		{2848ABC8-92CF-4D70-BFD1-218E6D00D8BD}.Release|Any CPU.ActiveCfg = Release|Any CPU
		{2848ABC8-92CF-4D70-BFD1-218E6D00D8BD}.Release|Any CPU.Build.0 = Release|Any CPU
	EndGlobalSection
EndGlobal
